
Microsoft Visual Studio Solution File, Format Version 12.00
# Visual Studio Version 17
VisualStudioVersion = 17.8.34330.188
MinimumVisualStudioVersion = 10.0.40219.1
Project("{FAE04EC0-301F-11D3-BF4B-00C04F79EFBC}") = "VisitorManagement", "VisitorManagement.csproj", "{32E69B74-7182-4E16-B916-FA9C806B5DD6}"
EndProject
Global
	GlobalSection(SolutionConfigurationPlatforms) = preSolution
		Debug|Any CPU = Debug|Any CPU
		Release|Any CPU = Release|Any CPU
	EndGlobalSection
	GlobalSection(ProjectConfigurationPlatforms) = postSolution
		{32E69B74-7182-4E16-B916-FA9C806B5DD6}.Debug|Any CPU.ActiveCfg = Debug|Any CPU
		{32E69B74-7182-4E16-B916-FA9C806B5DD6}.Debug|Any CPU.Build.0 = Debug|Any CPU
		{32E69B74-7182-4E16-B916-FA9C806B5DD6}.Release|Any CPU.ActiveCfg = Release|Any CPU
		{32E69B74-7182-4E16-B916-FA9C806B5DD6}.Release|Any CPU.Build.0 = Release|Any CPU
	EndGlobalSection
	GlobalSection(SolutionProperties) = preSolution
		HideSolutionNode = FALSE
	EndGlobalSection
	GlobalSection(ExtensibilityGlobals) = postSolution
		SolutionGuid = {1D3EE6C7-E3F1-43B2-951B-8BD36865D292}
	EndGlobalSection
EndGlobal
